
Microsoft Visual Studio Solution File, Format Version 12.00
# Visual Studio 15
VisualStudioVersion = 15.0.28307.136
MinimumVisualStudioVersion = 10.0.40219.1
Project("{8BC9CEB8-8B4A-11D0-8D11-00A0C91BC942}") = "Software Renderer", "Software Renderer\Software Renderer.vcxproj", "{AE4C6E09-CBEF-494A-9935-CB0E34E68286}"
	ProjectSection(ProjectDependencies) = postProject
		{E2CCCAE4-67A8-438F-9C67-8C6E0CF7383B} = {E2CCCAE4-67A8-438F-9C67-8C6E0CF7383B}
	EndProjectSection
EndProject
Project("{8BC9CEB8-8B4A-11D0-8D11-00A0C91BC942}") = "SMath", "SMath\SMath.vcxproj", "{E2CCCAE4-67A8-438F-9C67-8C6E0CF7383B}"
EndProject
Global
	GlobalSection(SolutionConfigurationPlatforms) = preSolution
		Debug (DLL)|x64 = Debug (DLL)|x64
		Debug (DLL)|x86 = Debug (DLL)|x86
		Debug|x64 = Debug|x64
		Debug|x86 = Debug|x86
		Release (DLL)|x64 = Release (DLL)|x64
		Release (DLL)|x86 = Release (DLL)|x86
		Release|x64 = Release|x64
		Release|x86 = Release|x86
	EndGlobalSection
	GlobalSection(ProjectConfigurationPlatforms) = postSolution
		{AE4C6E09-CBEF-494A-9935-CB0E34E68286}.Debug (DLL)|x64.ActiveCfg = Debug|x64
		{AE4C6E09-CBEF-494A-9935-CB0E34E68286}.Debug (DLL)|x64.Build.0 = Debug|x64
		{AE4C6E09-CBEF-494A-9935-CB0E34E68286}.Debug (DLL)|x86.ActiveCfg = Debug|Win32
		{AE4C6E09-CBEF-494A-9935-CB0E34E68286}.Debug (DLL)|x86.Build.0 = Debug|Win32
		{AE4C6E09-CBEF-494A-9935-CB0E34E68286}.Debug|x64.ActiveCfg = Debug|x64
		{AE4C6E09-CBEF-494A-9935-CB0E34E68286}.Debug|x64.Build.0 = Debug|x64
		{AE4C6E09-CBEF-494A-9935-CB0E34E68286}.Debug|x86.ActiveCfg = Debug|x64
		{AE4C6E09-CBEF-494A-9935-CB0E34E68286}.Debug|x86.Build.0 = Debug|x64
		{AE4C6E09-CBEF-494A-9935-CB0E34E68286}.Release (DLL)|x64.ActiveCfg = Release|x64
		{AE4C6E09-CBEF-494A-9935-CB0E34E68286}.Release (DLL)|x64.Build.0 = Release|x64
		{AE4C6E09-CBEF-494A-9935-CB0E34E68286}.Release (DLL)|x86.ActiveCfg = Release|Win32
		{AE4C6E09-CBEF-494A-9935-CB0E34E68286}.Release (DLL)|x86.Build.0 = Release|Win32
		{AE4C6E09-CBEF-494A-9935-CB0E34E68286}.Release|x64.ActiveCfg = Debug|x64
		{AE4C6E09-CBEF-494A-9935-CB0E34E68286}.Release|x64.Build.0 = Debug|x64
		{AE4C6E09-CBEF-494A-9935-CB0E34E68286}.Release|x86.ActiveCfg = Debug|x64
		{AE4C6E09-CBEF-494A-9935-CB0E34E68286}.Release|x86.Build.0 = Debug|x64
		{E2CCCAE4-67A8-438F-9C67-8C6E0CF7383B}.Debug (DLL)|x64.ActiveCfg = Debug|x64
		{E2CCCAE4-67A8-438F-9C67-8C6E0CF7383B}.Debug (DLL)|x64.Build.0 = Debug|x64
		{E2CCCAE4-67A8-438F-9C67-8C6E0CF7383B}.Debug (DLL)|x86.ActiveCfg = Debug|Win32
		{E2CCCAE4-67A8-438F-9C67-8C6E0CF7383B}.Debug (DLL)|x86.Build.0 = Debug|Win32
		{E2CCCAE4-67A8-438F-9C67-8C6E0CF7383B}.Debug|x64.ActiveCfg = Debug|x64
		{E2CCCAE4-67A8-438F-9C67-8C6E0CF7383B}.Debug|x64.Build.0 = Debug|x64
		{E2CCCAE4-67A8-438F-9C67-8C6E0CF7383B}.Debug|x86.ActiveCfg = Debug|x64
		{E2CCCAE4-67A8-438F-9C67-8C6E0CF7383B}.Debug|x86.Build.0 = Debug|x64
		{E2CCCAE4-67A8-438F-9C67-8C6E0CF7383B}.Release (DLL)|x64.ActiveCfg = Release|x64
		{E2CCCAE4-67A8-438F-9C67-8C6E0CF7383B}.Release (DLL)|x64.Build.0 = Release|x64
		{E2CCCAE4-67A8-438F-9C67-8C6E0CF7383B}.Release (DLL)|x86.ActiveCfg = Release|Win32
		{E2CCCAE4-67A8-438F-9C67-8C6E0CF7383B}.Release (DLL)|x86.Build.0 = Release|Win32
		{E2CCCAE4-67A8-438F-9C67-8C6E0CF7383B}.Release|x64.ActiveCfg = Debug|x64
		{E2CCCAE4-67A8-438F-9C67-8C6E0CF7383B}.Release|x64.Build.0 = Debug|x64
		{E2CCCAE4-67A8-438F-9C67-8C6E0CF7383B}.Release|x86.ActiveCfg = Debug|x64
		{E2CCCAE4-67A8-438F-9C67-8C6E0CF7383B}.Release|x86.Build.0 = Debug|x64
	EndGlobalSection
	GlobalSection(SolutionProperties) = preSolution
		HideSolutionNode = FALSE
	EndGlobalSection
	GlobalSection(ExtensibilityGlobals) = postSolution
		SolutionGuid = {EF5A1655-20E3-4F8D-8AE8-4E3ECDCB7144}
	EndGlobalSection
EndGlobal
