<?xml version="1.0" encoding="utf-8"?>
<Project ToolsVersion="4.0" xmlns="http://schemas.microsoft.com/developer/msbuild/2003">
  <ItemGroup>
    <Filter Include="Source Files">
      <UniqueIdentifier>{4FC737F1-C7A5-4376-A066-2A32D752A2FF}</UniqueIdentifier>
      <Extensions>cpp;c;cc;cxx;def;odl;idl;hpj;bat;asm;asmx</Extensions>
    </Filter>
    <Filter Include="Header Files">
      <UniqueIdentifier>{93995380-89BD-4b04-88EB-625FBE52EBFB}</UniqueIdentifier>
      <Extensions>h;hh;hpp;hxx;hm;inl;inc;ipp;xsd</Extensions>
    </Filter>
    <Filter Include="Resource Files">
      <UniqueIdentifier>{67DA6AB6-F800-4c08-8B7A-83BB121AAD01}</UniqueIdentifier>
      <Extensions>rc;ico;cur;bmp;dlg;rc2;rct;bin;rgs;gif;jpg;jpeg;jpe;resx;tiff;tif;png;wav;mfcribbon-ms</Extensions>
    </Filter>
    <Filter Include="Header Files\Math">
      <UniqueIdentifier>{f066732c-4229-4490-bcda-f934120d0243}</UniqueIdentifier>
    </Filter>
    <Filter Include="Header Files\Std">
      <UniqueIdentifier>{73cd51ba-e5f8-4c27-a9eb-b96a8a43f9c6}</UniqueIdentifier>
    </Filter>
    <Filter Include="Source Files\Std">
      <UniqueIdentifier>{65ba3c50-c4fe-41fd-bd52-7f4ec228055f}</UniqueIdentifier>
    </Filter>
    <Filter Include="Shader Files">
      <UniqueIdentifier>{a742cec3-662f-49f3-ab38-9d9d79f1b7cc}</UniqueIdentifier>
    </Filter>
    <Filter Include="Source Files\Math">
      <UniqueIdentifier>{e981e3e8-e5f0-4b86-840e-a347bee2d293}</UniqueIdentifier>
    </Filter>
  </ItemGroup>
  <ItemGroup>
    <ClCompile Include="main.cpp">
      <Filter>Source Files</Filter>
    </ClCompile>
    <ClCompile Include="game_engine.cpp">
      <Filter>Source Files</Filter>
    </ClCompile>
    <ClCompile Include="graphics.cpp">
      <Filter>Source Files</Filter>
    </ClCompile>
    <ClCompile Include="object.cpp">
      <Filter>Source Files</Filter>
    </ClCompile>
    <ClCompile Include="time.cpp">
      <Filter>Source Files</Filter>
    </ClCompile>
    <ClCompile Include="actor.cpp">
      <Filter>Source Files</Filter>
    </ClCompile>
    <ClCompile Include="debug.cpp">
      <Filter>Source Files</Filter>
    </ClCompile>
    <ClCompile Include="fbxloader.cpp">
      <Filter>Source Files</Filter>
    </ClCompile>
    <ClCompile Include="world.cpp">
      <Filter>Source Files</Filter>
    </ClCompile>
    <ClCompile Include="camera_actor.cpp">
      <Filter>Source Files</Filter>
    </ClCompile>
    <ClCompile Include="math\rotator.cpp">
      <Filter>Source Files\Math</Filter>
    </ClCompile>
    <ClCompile Include="math\quaternion.cpp">
      <Filter>Source Files\Math</Filter>
    </ClCompile>
    <ClCompile Include="actor_component.cpp">
      <Filter>Source Files</Filter>
    </ClCompile>
    <ClCompile Include="screen_component.cpp">
      <Filter>Source Files</Filter>
    </ClCompile>
  </ItemGroup>
  <ItemGroup>
    <ClInclude Include="graphics.h">
      <Filter>Header Files</Filter>
    </ClInclude>
    <ClInclude Include="object.h">
      <Filter>Header Files</Filter>
    </ClInclude>
    <ClInclude Include="time.h">
      <Filter>Header Files</Filter>
    </ClInclude>
    <ClInclude Include="vertex.h">
      <Filter>Header Files</Filter>
    </ClInclude>
    <ClInclude Include="actor.h">
      <Filter>Header Files</Filter>
    </ClInclude>
    <ClInclude Include="debug.h">
      <Filter>Header Files</Filter>
    </ClInclude>
    <ClInclude Include="fbxloader.h">
      <Filter>Header Files</Filter>
    </ClInclude>
    <ClInclude Include="game_engine.h">
      <Filter>Header Files</Filter>
    </ClInclude>
    <ClInclude Include="resource.h">
      <Filter>Header Files</Filter>
    </ClInclude>
    <ClInclude Include="macros.h">
      <Filter>Header Files</Filter>
    </ClInclude>
    <ClInclude Include="math\matrix.h">
      <Filter>Header Files\Math</Filter>
    </ClInclude>
    <ClInclude Include="math\vector.h">
      <Filter>Header Files\Math</Filter>
    </ClInclude>
    <ClInclude Include="math\math.h">
      <Filter>Header Files\Math</Filter>
    </ClInclude>
    <ClInclude Include="std\node.h">
      <Filter>Header Files\Std</Filter>
    </ClInclude>
    <ClInclude Include="std\pnode.h">
      <Filter>Header Files\Std</Filter>
    </ClInclude>
    <ClInclude Include="std\rbt.h">
      <Filter>Header Files\Std</Filter>
    </ClInclude>
    <ClInclude Include="std\bst.h">
      <Filter>Header Files\Std</Filter>
    </ClInclude>
    <ClInclude Include="world.h">
      <Filter>Header Files</Filter>
    </ClInclude>
    <ClInclude Include="std\array.h">
      <Filter>Header Files\Std</Filter>
    </ClInclude>
    <ClInclude Include="camera_actor.h">
      <Filter>Header Files</Filter>
    </ClInclude>
    <ClInclude Include="math\rotator.h">
      <Filter>Header Files\Math</Filter>
    </ClInclude>
    <ClInclude Include="math\quaternion.h">
      <Filter>Header Files\Math</Filter>
    </ClInclude>
    <ClInclude Include="actor_component.h">
      <Filter>Header Files</Filter>
    </ClInclude>
    <ClInclude Include="screen_component.h">
      <Filter>Header Files</Filter>
    </ClInclude>
  </ItemGroup>
  <ItemGroup>
    <ResourceCompile Include="resource.rc">
      <Filter>Resource Files</Filter>
    </ResourceCompile>
  </ItemGroup>
  <ItemGroup>
    <Image Include="icon1.ico">
      <Filter>Resource Files</Filter>
    </Image>
  </ItemGroup>
  <ItemGroup>
    <FxCompile Include="draw_image.fx">
      <Filter>Shader Files</Filter>
    </FxCompile>
  </ItemGroup>
</Project>